
Microsoft Visual Studio Solution File, Format Version 12.00
# Visual Studio 15
Project("{FAE04EC0-301F-11D3-BF4B-00C04F79EFBC}") = "Assembly-CSharp", "Assembly-CSharp.csproj", "{D9AEAEB7-D6B3-5E82-3533-1AA4EE5705AE}"
EndProject
Global
	GlobalSection(SolutionConfigurationPlatforms) = preSolution
		Debug|Any CPU = Debug|Any CPU
		Release|Any CPU = Release|Any CPU
	EndGlobalSection
	GlobalSection(ProjectConfigurationPlatforms) = postSolution
		{D9AEAEB7-D6B3-5E82-3533-1AA4EE5705AE}.Debug|Any CPU.ActiveCfg = Debug|Any CPU
		{D9AEAEB7-D6B3-5E82-3533-1AA4EE5705AE}.Debug|Any CPU.Build.0 = Debug|Any CPU
		{D9AEAEB7-D6B3-5E82-3533-1AA4EE5705AE}.Release|Any CPU.ActiveCfg = Release|Any CPU
		{D9AEAEB7-D6B3-5E82-3533-1AA4EE5705AE}.Release|Any CPU.Build.0 = Release|Any CPU
	EndGlobalSection
	GlobalSection(SolutionProperties) = preSolution
		HideSolutionNode = FALSE
	EndGlobalSection
EndGlobal
